
Microsoft Visual Studio Solution File, Format Version 12.00
# Visual Studio 2012
Project("{FAE04EC0-301F-11D3-BF4B-00C04F79EFBC}") = "WordGuessing", "WordGuessing\WordGuessing.csproj", "{54D65EDA-7C5E-483C-8B9E-4542C7F8044B}"
EndProject
Global
	GlobalSection(SolutionConfigurationPlatforms) = preSolution
		Debug|Any CPU = Debug|Any CPU
		Release|Any CPU = Release|Any CPU
	EndGlobalSection
	GlobalSection(ProjectConfigurationPlatforms) = postSolution
		{54D65EDA-7C5E-483C-8B9E-4542C7F8044B}.Debug|Any CPU.ActiveCfg = Debug|Any CPU
		{54D65EDA-7C5E-483C-8B9E-4542C7F8044B}.Debug|Any CPU.Build.0 = Debug|Any CPU
		{54D65EDA-7C5E-483C-8B9E-4542C7F8044B}.Release|Any CPU.ActiveCfg = Release|Any CPU
		{54D65EDA-7C5E-483C-8B9E-4542C7F8044B}.Release|Any CPU.Build.0 = Release|Any CPU
	EndGlobalSection
	GlobalSection(SolutionProperties) = preSolution
		HideSolutionNode = FALSE
	EndGlobalSection
EndGlobal
